
Microsoft Visual Studio Solution File, Format Version 11.00
# Visual C++ Express 2010
Project("{8BC9CEB8-8B4A-11D0-8D11-00A0C91BC942}") = "HGE", "HGE\HGE.vcxproj", "{44AC7B5F-16CB-4CDD-A400-4C16906E297C}"
EndProject
Global
	GlobalSection(SolutionConfigurationPlatforms) = preSolution
		Debug|Win32 = Debug|Win32
		Release|Win32 = Release|Win32
	EndGlobalSection
	GlobalSection(ProjectConfigurationPlatforms) = postSolution
		{44AC7B5F-16CB-4CDD-A400-4C16906E297C}.Debug|Win32.ActiveCfg = Debug|Win32
		{44AC7B5F-16CB-4CDD-A400-4C16906E297C}.Debug|Win32.Build.0 = Debug|Win32
		{44AC7B5F-16CB-4CDD-A400-4C16906E297C}.Release|Win32.ActiveCfg = Release|Win32
		{44AC7B5F-16CB-4CDD-A400-4C16906E297C}.Release|Win32.Build.0 = Release|Win32
	EndGlobalSection
	GlobalSection(SolutionProperties) = preSolution
		HideSolutionNode = FALSE
	EndGlobalSection
EndGlobal
